
Microsoft Visual Studio Solution File, Format Version 12.00
# Visual Studio Version 17
VisualStudioVersion = 17.7.34031.279
MinimumVisualStudioVersion = 10.0.40219.1
Project("{9A19103F-16F7-4668-BE54-9A1E7A4F7556}") = "QRGenerator", "QRGenerator/QRGenerator.csproj", "{80BEA53D-FED6-4F0E-B1F8-B93A9CB8D727}"
EndProject
Project("{9A19103F-16F7-4668-BE54-9A1E7A4F7556}") = "QRGenerator_Interface", "QRGenerator_Interface/QRGenerator_Interface.csproj", "{A0461447-4C56-4076-9D34-F6A2F5983744}"
EndProject
Global
	GlobalSection(SolutionConfigurationPlatforms) = preSolution
		Debug|Any CPU = Debug|Any CPU
		Release|Any CPU = Release|Any CPU
	EndGlobalSection
	GlobalSection(ProjectConfigurationPlatforms) = postSolution
		{80BEA53D-FED6-4F0E-B1F8-B93A9CB8D727}.Debug|Any CPU.ActiveCfg = Debug|Any CPU
		{80BEA53D-FED6-4F0E-B1F8-B93A9CB8D727}.Debug|Any CPU.Build.0 = Debug|Any CPU
		{80BEA53D-FED6-4F0E-B1F8-B93A9CB8D727}.Release|Any CPU.ActiveCfg = Release|Any CPU
		{80BEA53D-FED6-4F0E-B1F8-B93A9CB8D727}.Release|Any CPU.Build.0 = Release|Any CPU
		{A0461447-4C56-4076-9D34-F6A2F5983744}.Debug|Any CPU.ActiveCfg = Debug|Any CPU
		{A0461447-4C56-4076-9D34-F6A2F5983744}.Debug|Any CPU.Build.0 = Debug|Any CPU
		{A0461447-4C56-4076-9D34-F6A2F5983744}.Release|Any CPU.ActiveCfg = Release|Any CPU
		{A0461447-4C56-4076-9D34-F6A2F5983744}.Release|Any CPU.Build.0 = Release|Any CPU
	EndGlobalSection
	GlobalSection(SolutionProperties) = preSolution
		HideSolutionNode = FALSE
	EndGlobalSection
	GlobalSection(ExtensibilityGlobals) = postSolution
		SolutionGuid = {6156B733-C597-4362-8C71-C736EDC62AF9}
	EndGlobalSection
EndGlobal
